
Microsoft Visual Studio Solution File, Format Version 12.00
# Visual Studio Version 16
VisualStudioVersion = 16.0.29613.14
MinimumVisualStudioVersion = 10.0.40219.1
Project("{9A19103F-16F7-4668-BE54-9A1E7A4F7556}") = "Laskin", "Laskin\Laskin.csproj", "{5A227C1B-B459-4354-80D0-596C95D66294}"
EndProject
Project("{9A19103F-16F7-4668-BE54-9A1E7A4F7556}") = "EhtoLause", "..\EhtoLause\EhtoLause\EhtoLause.csproj", "{6650155B-36AF-40B9-B880-E2F5061897BF}"
EndProject
Global
	GlobalSection(SolutionConfigurationPlatforms) = preSolution
		Debug|Any CPU = Debug|Any CPU
		Release|Any CPU = Release|Any CPU
	EndGlobalSection
	GlobalSection(ProjectConfigurationPlatforms) = postSolution
		{5A227C1B-B459-4354-80D0-596C95D66294}.Debug|Any CPU.ActiveCfg = Debug|Any CPU
		{5A227C1B-B459-4354-80D0-596C95D66294}.Debug|Any CPU.Build.0 = Debug|Any CPU
		{5A227C1B-B459-4354-80D0-596C95D66294}.Release|Any CPU.ActiveCfg = Release|Any CPU
		{5A227C1B-B459-4354-80D0-596C95D66294}.Release|Any CPU.Build.0 = Release|Any CPU
		{6650155B-36AF-40B9-B880-E2F5061897BF}.Debug|Any CPU.ActiveCfg = Debug|Any CPU
		{6650155B-36AF-40B9-B880-E2F5061897BF}.Debug|Any CPU.Build.0 = Debug|Any CPU
		{6650155B-36AF-40B9-B880-E2F5061897BF}.Release|Any CPU.ActiveCfg = Release|Any CPU
		{6650155B-36AF-40B9-B880-E2F5061897BF}.Release|Any CPU.Build.0 = Release|Any CPU
	EndGlobalSection
	GlobalSection(SolutionProperties) = preSolution
		HideSolutionNode = FALSE
	EndGlobalSection
	GlobalSection(ExtensibilityGlobals) = postSolution
		SolutionGuid = {EEE70208-737B-48E9-9281-5C18A430D580}
	EndGlobalSection
EndGlobal
